
Microsoft Visual Studio Solution File, Format Version 12.00
Project("{FAE04EC0-301F-11D3-BF4B-00C04F79EFBC}") = "SerilogWorkaround", "SerilogWorkaround\SerilogWorkaround.csproj", "{4BB4D1D6-7938-471F-BBD9-443BC5277AE3}"
EndProject
Global
	GlobalSection(SolutionConfigurationPlatforms) = preSolution
		Debug|Any CPU = Debug|Any CPU
		Release|Any CPU = Release|Any CPU
	EndGlobalSection
	GlobalSection(ProjectConfigurationPlatforms) = postSolution
		{4BB4D1D6-7938-471F-BBD9-443BC5277AE3}.Debug|Any CPU.ActiveCfg = Debug|Any CPU
		{4BB4D1D6-7938-471F-BBD9-443BC5277AE3}.Debug|Any CPU.Build.0 = Debug|Any CPU
		{4BB4D1D6-7938-471F-BBD9-443BC5277AE3}.Release|Any CPU.ActiveCfg = Release|Any CPU
		{4BB4D1D6-7938-471F-BBD9-443BC5277AE3}.Release|Any CPU.Build.0 = Release|Any CPU
	EndGlobalSection
EndGlobal
